// !$*UTF8*$!
{
	archiveVersion = 1;
	classes = {
	};
	objectVersion = 50;
	objects = {

/* Begin PBXBuildFile section */
		605579DB2590AFD4007C9892 /* AppDelegate.swift in Sources */ = {isa = PBXBuildFile; fileRef = 605579DA2590AFD4007C9892 /* AppDelegate.swift */; };
		605579DD2590AFD4007C9892 /* SceneDelegate.swift in Sources */ = {isa = PBXBuildFile; fileRef = 605579DC2590AFD4007C9892 /* SceneDelegate.swift */; };
		605579DF2590AFD4007C9892 /* ContentView.swift in Sources */ = {isa = PBXBuildFile; fileRef = 605579DE2590AFD4007C9892 /* ContentView.swift */; };
		605579E12590AFD6007C9892 /* Assets.xcassets in Resources */ = {isa = PBXBuildFile; fileRef = 605579E02590AFD6007C9892 /* Assets.xcassets */; };
		605579E42590AFD6007C9892 /* Preview Assets.xcassets in Resources */ = {isa = PBXBuildFile; fileRef = 605579E32590AFD6007C9892 /* Preview Assets.xcassets */; };
		605579E72590AFD6007C9892 /* LaunchScreen.storyboard in Resources */ = {isa = PBXBuildFile; fileRef = 605579E52590AFD6007C9892 /* LaunchScreen.storyboard */; };
		605579F02590AFF5007C9892 /* ToDo.swift in Sources */ = {isa = PBXBuildFile; fileRef = 605579EF2590AFF5007C9892 /* ToDo.swift */; };
		605579F52590B13E007C9892 /* ToDoROW.swift in Sources */ = {isa = PBXBuildFile; fileRef = 605579F42590B13E007C9892 /* ToDoROW.swift */; };
		605579FA2590B502007C9892 /* TodoListView.swift in Sources */ = {isa = PBXBuildFile; fileRef = 605579F92590B502007C9892 /* TodoListView.swift */; };
		605579FD2590B5EA007C9892 /* StoreDataFile.swift in Sources */ = {isa = PBXBuildFile; fileRef = 605579FC2590B5EA007C9892 /* StoreDataFile.swift */; };
		606C54F02590D1D000A08BEE /* TodoListViewModel.swift in Sources */ = {isa = PBXBuildFile; fileRef = 606C54EF2590D1D000A08BEE /* TodoListViewModel.swift */; };
		606C54F32590DE0A00A08BEE /* ShowNewTodoView.swift in Sources */ = {isa = PBXBuildFile; fileRef = 606C54F22590DE0A00A08BEE /* ShowNewTodoView.swift */; };
		606C54F62590DE3F00A08BEE /* NewTodoviewModel.swift in Sources */ = {isa = PBXBuildFile; fileRef = 606C54F52590DE3F00A08BEE /* NewTodoviewModel.swift */; };
		606C54F92590DE7200A08BEE /* NewStoreDataFile.swift in Sources */ = {isa = PBXBuildFile; fileRef = 606C54F82590DE7200A08BEE /* NewStoreDataFile.swift */; };
/* End PBXBuildFile section */

/* Begin PBXFileReference section */
		605579D72590AFD4007C9892 /* TODODemoUsingMVVCUi.app */ = {isa = PBXFileReference; explicitFileType = wrapper.application; includeInIndex = 0; path = TODODemoUsingMVVCUi.app; sourceTree = BUILT_PRODUCTS_DIR; };
		605579DA2590AFD4007C9892 /* AppDelegate.swift */ = {isa = PBXFileReference; lastKnownFileType = sourcecode.swift; path = AppDelegate.swift; sourceTree = "<group>"; };
		605579DC2590AFD4007C9892 /* SceneDelegate.swift */ = {isa = PBXFileReference; lastKnownFileType = sourcecode.swift; path = SceneDelegate.swift; sourceTree = "<group>"; };
		605579DE2590AFD4007C9892 /* ContentView.swift */ = {isa = PBXFileReference; lastKnownFileType = sourcecode.swift; path = ContentView.swift; sourceTree = "<group>"; };
		605579E02590AFD6007C9892 /* Assets.xcassets */ = {isa = PBXFileReference; lastKnownFileType = folder.assetcatalog; path = Assets.xcassets; sourceTree = "<group>"; };
		605579E32590AFD6007C9892 /* Preview Assets.xcassets */ = {isa = PBXFileReference; lastKnownFileType = folder.assetcatalog; path = "Preview Assets.xcassets"; sourceTree = "<group>"; };
		605579E62590AFD6007C9892 /* Base */ = {isa = PBXFileReference; lastKnownFileType = file.storyboard; name = Base; path = Base.lproj/LaunchScreen.storyboard; sourceTree = "<group>"; };
		605579E82590AFD6007C9892 /* Info.plist */ = {isa = PBXFileReference; lastKnownFileType = text.plist.xml; path = Info.plist; sourceTree = "<group>"; };
		605579EF2590AFF5007C9892 /* ToDo.swift */ = {isa = PBXFileReference; lastKnownFileType = sourcecode.swift; path = ToDo.swift; sourceTree = "<group>"; };
		605579F42590B13E007C9892 /* ToDoROW.swift */ = {isa = PBXFileReference; lastKnownFileType = sourcecode.swift; path = ToDoROW.swift; sourceTree = "<group>"; };
		605579F92590B502007C9892 /* TodoListView.swift */ = {isa = PBXFileReference; lastKnownFileType = sourcecode.swift; path = TodoListView.swift; sourceTree = "<group>"; };
		605579FC2590B5EA007C9892 /* StoreDataFile.swift */ = {isa = PBXFileReference; lastKnownFileType = sourcecode.swift; path = StoreDataFile.swift; sourceTree = "<group>"; };
		606C54EF2590D1D000A08BEE /* TodoListViewModel.swift */ = {isa = PBXFileReference; lastKnownFileType = sourcecode.swift; path = TodoListViewModel.swift; sourceTree = "<group>"; };
		606C54F22590DE0A00A08BEE /* ShowNewTodoView.swift */ = {isa = PBXFileReference; lastKnownFileType = sourcecode.swift; path = ShowNewTodoView.swift; sourceTree = "<group>"; };
		606C54F52590DE3F00A08BEE /* NewTodoviewModel.swift */ = {isa = PBXFileReference; lastKnownFileType = sourcecode.swift; path = NewTodoviewModel.swift; sourceTree = "<group>"; };
		606C54F82590DE7200A08BEE /* NewStoreDataFile.swift */ = {isa = PBXFileReference; lastKnownFileType = sourcecode.swift; path = NewStoreDataFile.swift; sourceTree = "<group>"; };
/* End PBXFileReference section */

/* Begin PBXFrameworksBuildPhase section */
		605579D42590AFD4007C9892 /* Frameworks */ = {
			isa = PBXFrameworksBuildPhase;
			buildActionMask = 2147483647;
			files = (
			);
			runOnlyForDeploymentPostprocessing = 0;
		};
/* End PBXFrameworksBuildPhase section */

/* Begin PBXGroup section */
		605579CE2590AFD4007C9892 = {
			isa = PBXGroup;
			children = (
				605579D92590AFD4007C9892 /* TODODemoUsingMVVCUi */,
				605579D82590AFD4007C9892 /* Products */,
			);
			sourceTree = "<group>";
		};
		605579D82590AFD4007C9892 /* Products */ = {
			isa = PBXGroup;
			children = (
				605579D72590AFD4007C9892 /* TODODemoUsingMVVCUi.app */,
			);
			name = Products;
			sourceTree = "<group>";
		};
		605579D92590AFD4007C9892 /* TODODemoUsingMVVCUi */ = {
			isa = PBXGroup;
			children = (
				606C54EE2590D1B700A08BEE /* ViewModel */,
				605579FF2590B5F9007C9892 /* StoreData */,
				605579F32590B0D1007C9892 /* TODoFile */,
				605579F22590B0BB007C9892 /* Model */,
				605579DA2590AFD4007C9892 /* AppDelegate.swift */,
				605579DC2590AFD4007C9892 /* SceneDelegate.swift */,
				605579DE2590AFD4007C9892 /* ContentView.swift */,
				605579E02590AFD6007C9892 /* Assets.xcassets */,
				605579E52590AFD6007C9892 /* LaunchScreen.storyboard */,
				605579E82590AFD6007C9892 /* Info.plist */,
				605579E22590AFD6007C9892 /* Preview Content */,
			);
			path = TODODemoUsingMVVCUi;
			sourceTree = "<group>";
		};
		605579E22590AFD6007C9892 /* Preview Content */ = {
			isa = PBXGroup;
			children = (
				605579E32590AFD6007C9892 /* Preview Assets.xcassets */,
			);
			path = "Preview Content";
			sourceTree = "<group>";
		};
		605579F22590B0BB007C9892 /* Model */ = {
			isa = PBXGroup;
			children = (
				605579EF2590AFF5007C9892 /* ToDo.swift */,
				606C54F22590DE0A00A08BEE /* ShowNewTodoView.swift */,
			);
			path = Model;
			sourceTree = "<group>";
		};
		605579F32590B0D1007C9892 /* TODoFile */ = {
			isa = PBXGroup;
			children = (
				605579F42590B13E007C9892 /* ToDoROW.swift */,
				605579F92590B502007C9892 /* TodoListView.swift */,
			);
			path = TODoFile;
			sourceTree = "<group>";
		};
		605579FF2590B5F9007C9892 /* StoreData */ = {
			isa = PBXGroup;
			children = (
				605579FC2590B5EA007C9892 /* StoreDataFile.swift */,
				606C54F82590DE7200A08BEE /* NewStoreDataFile.swift */,
			);
			path = StoreData;
			sourceTree = "<group>";
		};
		606C54EE2590D1B700A08BEE /* ViewModel */ = {
			isa = PBXGroup;
			children = (
				606C54EF2590D1D000A08BEE /* TodoListViewModel.swift */,
				606C54F52590DE3F00A08BEE /* NewTodoviewModel.swift */,
			);
			path = ViewModel;
			sourceTree = "<group>";
		};
/* End PBXGroup section */

/* Begin PBXNativeTarget section */
		605579D62590AFD4007C9892 /* TODODemoUsingMVVCUi */ = {
			isa = PBXNativeTarget;
			buildConfigurationList = 605579EB2590AFD6007C9892 /* Build configuration list for PBXNativeTarget "TODODemoUsingMVVCUi" */;
			buildPhases = (
				605579D32590AFD4007C9892 /* Sources */,
				605579D42590AFD4007C9892 /* Frameworks */,
				605579D52590AFD4007C9892 /* Resources */,
			);
			buildRules = (
			);
			dependencies = (
			);
			name = TODODemoUsingMVVCUi;
			productName = TODODemoUsingMVVCUi;
			productReference = 605579D72590AFD4007C9892 /* TODODemoUsingMVVCUi.app */;
			productType = "com.apple.product-type.application";
		};
/* End PBXNativeTarget section */

/* Begin PBXProject section */
		605579CF2590AFD4007C9892 /* Project object */ = {
			isa = PBXProject;
			attributes = {
				LastSwiftUpdateCheck = 1210;
				LastUpgradeCheck = 1210;
				TargetAttributes = {
					605579D62590AFD4007C9892 = {
						CreatedOnToolsVersion = 12.1;
					};
				};
			};
			buildConfigurationList = 605579D22590AFD4007C9892 /* Build configuration list for PBXProject "TODODemoUsingMVVCUi" */;
			compatibilityVersion = "Xcode 9.3";
			developmentRegion = en;
			hasScannedForEncodings = 0;
			knownRegions = (
				en,
				Base,
			);
			mainGroup = 605579CE2590AFD4007C9892;
			productRefGroup = 605579D82590AFD4007C9892 /* Products */;
			projectDirPath = "";
			projectRoot = "";
			targets = (
				605579D62590AFD4007C9892 /* TODODemoUsingMVVCUi */,
			);
		};
/* End PBXProject section */

/* Begin PBXResourcesBuildPhase section */
		605579D52590AFD4007C9892 /* Resources */ = {
			isa = PBXResourcesBuildPhase;
			buildActionMask = 2147483647;
			files = (
				605579E72590AFD6007C9892 /* LaunchScreen.storyboard in Resources */,
				605579E42590AFD6007C9892 /* Preview Assets.xcassets in Resources */,
				605579E12590AFD6007C9892 /* Assets.xcassets in Resources */,
			);
			runOnlyForDeploymentPostprocessing = 0;
		};
/* End PBXResourcesBuildPhase section */

/* Begin PBXSourcesBuildPhase section */
		605579D32590AFD4007C9892 /* Sources */ = {
			isa = PBXSourcesBuildPhase;
			buildActionMask = 2147483647;
			files = (
				606C54F02590D1D000A08BEE /* TodoListViewModel.swift in Sources */,
				605579DB2590AFD4007C9892 /* AppDelegate.swift in Sources */,
				606C54F32590DE0A00A08BEE /* ShowNewTodoView.swift in Sources */,
				606C54F62590DE3F00A08BEE /* NewTodoviewModel.swift in Sources */,
				605579F02590AFF5007C9892 /* ToDo.swift in Sources */,
				605579FD2590B5EA007C9892 /* StoreDataFile.swift in Sources */,
				605579FA2590B502007C9892 /* TodoListView.swift in Sources */,
				606C54F92590DE7200A08BEE /* NewStoreDataFile.swift in Sources */,
				605579DD2590AFD4007C9892 /* SceneDelegate.swift in Sources */,
				605579F52590B13E007C9892 /* ToDoROW.swift in Sources */,
				605579DF2590AFD4007C9892 /* ContentView.swift in Sources */,
			);
			runOnlyForDeploymentPostprocessing = 0;
		};
/* End PBXSourcesBuildPhase section */

/* Begin PBXVariantGroup section */
		605579E52590AFD6007C9892 /* LaunchScreen.storyboard */ = {
			isa = PBXVariantGroup;
			children = (
				605579E62590AFD6007C9892 /* Base */,
			);
			name = LaunchScreen.storyboard;
			sourceTree = "<group>";
		};
/* End PBXVariantGroup section */

/* Begin XCBuildConfiguration section */
		605579E92590AFD6007C9892 /* Debug */ = {
			isa = XCBuildConfiguration;
			buildSettings = {
				ALWAYS_SEARCH_USER_PATHS = NO;
				CLANG_ANALYZER_NONNULL = YES;
				CLANG_ANALYZER_NUMBER_OBJECT_CONVERSION = YES_AGGRESSIVE;
				CLANG_CXX_LANGUAGE_STANDARD = "gnu++14";
				CLANG_CXX_LIBRARY = "libc++";
				CLANG_ENABLE_MODULES = YES;
				CLANG_ENABLE_OBJC_ARC = YES;
				CLANG_ENABLE_OBJC_WEAK = YES;
				CLANG_WARN_BLOCK_CAPTURE_AUTORELEASING = YES;
				CLANG_WARN_BOOL_CONVERSION = YES;
				CLANG_WARN_COMMA = YES;
				CLANG_WARN_CONSTANT_CONVERSION = YES;
				CLANG_WARN_DEPRECATED_OBJC_IMPLEMENTATIONS = YES;
				CLANG_WARN_DIRECT_OBJC_ISA_USAGE = YES_ERROR;
				CLANG_WARN_DOCUMENTATION_COMMENTS = YES;
				CLANG_WARN_EMPTY_BODY = YES;
				CLANG_WARN_ENUM_CONVERSION = YES;
				CLANG_WARN_INFINITE_RECURSION = YES;
				CLANG_WARN_INT_CONVERSION = YES;
				CLANG_WARN_NON_LITERAL_NULL_CONVERSION = YES;
				CLANG_WARN_OBJC_IMPLICIT_RETAIN_SELF = YES;
				CLANG_WARN_OBJC_LITERAL_CONVERSION = YES;
				CLANG_WARN_OBJC_ROOT_CLASS = YES_ERROR;
				CLANG_WARN_QUOTED_INCLUDE_IN_FRAMEWORK_HEADER = YES;
				CLANG_WARN_RANGE_LOOP_ANALYSIS = YES;
				CLANG_WARN_STRICT_PROTOTYPES = YES;
				CLANG_WARN_SUSPICIOUS_MOVE = YES;
				CLANG_WARN_UNGUARDED_AVAILABILITY = YES_AGGRESSIVE;
				CLANG_WARN_UNREACHABLE_CODE = YES;
				CLANG_WARN__DUPLICATE_METHOD_MATCH = YES;
				COPY_PHASE_STRIP = NO;
				DEBUG_INFORMATION_FORMAT = dwarf;
				ENABLE_STRICT_OBJC_MSGSEND = YES;
				ENABLE_TESTABILITY = YES;
				GCC_C_LANGUAGE_STANDARD = gnu11;
				GCC_DYNAMIC_NO_PIC = NO;
				GCC_NO_COMMON_BLOCKS = YES;
				GCC_OPTIMIZATION_LEVEL = 0;
				GCC_PREPROCESSOR_DEFINITIONS = (
					"DEBUG=1",
					"$(inherited)",
				);
				GCC_WARN_64_TO_32_BIT_CONVERSION = YES;
				GCC_WARN_ABOUT_RETURN_TYPE = YES_ERROR;
				GCC_WARN_UNDECLARED_SELECTOR = YES;
				GCC_WARN_UNINITIALIZED_AUTOS = YES_AGGRESSIVE;
				GCC_WARN_UNUSED_FUNCTION = YES;
				GCC_WARN_UNUSED_VARIABLE = YES;
				IPHONEOS_DEPLOYMENT_TARGET = 14.1;
				MTL_ENABLE_DEBUG_INFO = INCLUDE_SOURCE;
				MTL_FAST_MATH = YES;
				ONLY_ACTIVE_ARCH = YES;
				SDKROOT = iphoneos;
				SWIFT_ACTIVE_COMPILATION_CONDITIONS = DEBUG;
				SWIFT_OPTIMIZATION_LEVEL = "-Onone";
			};
			name = Debug;
		};
		605579EA2590AFD6007C9892 /* Release */ = {
			isa = XCBuildConfiguration;
			buildSettings = {
				ALWAYS_SEARCH_USER_PATHS = NO;
				CLANG_ANALYZER_NONNULL = YES;
				CLANG_ANALYZER_NUMBER_OBJECT_CONVERSION = YES_AGGRESSIVE;
				CLANG_CXX_LANGUAGE_STANDARD = "gnu++14";
				CLANG_CXX_LIBRARY = "libc++";
				CLANG_ENABLE_MODULES = YES;
				CLANG_ENABLE_OBJC_ARC = YES;
				CLANG_ENABLE_OBJC_WEAK = YES;
				CLANG_WARN_BLOCK_CAPTURE_AUTORELEASING = YES;
				CLANG_WARN_BOOL_CONVERSION = YES;
				CLANG_WARN_COMMA = YES;
				CLANG_WARN_CONSTANT_CONVERSION = YES;
				CLANG_WARN_DEPRECATED_OBJC_IMPLEMENTATIONS = YES;
				CLANG_WARN_DIRECT_OBJC_ISA_USAGE = YES_ERROR;
				CLANG_WARN_DOCUMENTATION_COMMENTS = YES;
				CLANG_WARN_EMPTY_BODY = YES;
				CLANG_WARN_ENUM_CONVERSION = YES;
				CLANG_WARN_INFINITE_RECURSION = YES;
				CLANG_WARN_INT_CONVERSION = YES;
				CLANG_WARN_NON_LITERAL_NULL_CONVERSION = YES;
				CLANG_WARN_OBJC_IMPLICIT_RETAIN_SELF = YES;
				CLANG_WARN_OBJC_LITERAL_CONVERSION = YES;
				CLANG_WARN_OBJC_ROOT_CLASS = YES_ERROR;
				CLANG_WARN_QUOTED_INCLUDE_IN_FRAMEWORK_HEADER = YES;
				CLANG_WARN_RANGE_LOOP_ANALYSIS = YES;
				CLANG_WARN_STRICT_PROTOTYPES = YES;
				CLANG_WARN_SUSPICIOUS_MOVE = YES;
				CLANG_WARN_UNGUARDED_AVAILABILITY = YES_AGGRESSIVE;
				CLANG_WARN_UNREACHABLE_CODE = YES;
				CLANG_WARN__DUPLICATE_METHOD_MATCH = YES;
				COPY_PHASE_STRIP = NO;
				DEBUG_INFORMATION_FORMAT = "dwarf-with-dsym";
				ENABLE_NS_ASSERTIONS = NO;
				ENABLE_STRICT_OBJC_MSGSEND = YES;
				GCC_C_LANGUAGE_STANDARD = gnu11;
				GCC_NO_COMMON_BLOCKS = YES;
				GCC_WARN_64_TO_32_BIT_CONVERSION = YES;
				GCC_WARN_ABOUT_RETURN_TYPE = YES_ERROR;
				GCC_WARN_UNDECLARED_SELECTOR = YES;
				GCC_WARN_UNINITIALIZED_AUTOS = YES_AGGRESSIVE;
				GCC_WARN_UNUSED_FUNCTION = YES;
				GCC_WARN_UNUSED_VARIABLE = YES;
				IPHONEOS_DEPLOYMENT_TARGET = 14.1;
				MTL_ENABLE_DEBUG_INFO = NO;
				MTL_FAST_MATH = YES;
				SDKROOT = iphoneos;
				SWIFT_COMPILATION_MODE = wholemodule;
				SWIFT_OPTIMIZATION_LEVEL = "-O";
				VALIDATE_PRODUCT = YES;
			};
			name = Release;
		};
		605579EC2590AFD6007C9892 /* Debug */ = {
			isa = XCBuildConfiguration;
			buildSettings = {
				ASSETCATALOG_COMPILER_APPICON_NAME = AppIcon;
				ASSETCATALOG_COMPILER_GLOBAL_ACCENT_COLOR_NAME = AccentColor;
				CODE_SIGN_STYLE = Automatic;
				DEVELOPMENT_ASSET_PATHS = "\"TODODemoUsingMVVCUi/Preview Content\"";
				DEVELOPMENT_TEAM = DD73F8592Z;
				ENABLE_PREVIEWS = YES;
				INFOPLIST_FILE = TODODemoUsingMVVCUi/Info.plist;
				LD_RUNPATH_SEARCH_PATHS = (
					"$(inherited)",
					"@executable_path/Frameworks",
				);
				PRODUCT_BUNDLE_IDENTIFIER = knoxpo.TODODemoUsingMVVCUi;
				PRODUCT_NAME = "$(TARGET_NAME)";
				SWIFT_VERSION = 5.0;
				TARGETED_DEVICE_FAMILY = "1,2";
			};
			name = Debug;
		};
		605579ED2590AFD6007C9892 /* Release */ = {
			isa = XCBuildConfiguration;
			buildSettings = {
				ASSETCATALOG_COMPILER_APPICON_NAME = AppIcon;
				ASSETCATALOG_COMPILER_GLOBAL_ACCENT_COLOR_NAME = AccentColor;
				CODE_SIGN_STYLE = Automatic;
				DEVELOPMENT_ASSET_PATHS = "\"TODODemoUsingMVVCUi/Preview Content\"";
				DEVELOPMENT_TEAM = DD73F8592Z;
				ENABLE_PREVIEWS = YES;
				INFOPLIST_FILE = TODODemoUsingMVVCUi/Info.plist;
				LD_RUNPATH_SEARCH_PATHS = (
					"$(inherited)",
					"@executable_path/Frameworks",
				);
				PRODUCT_BUNDLE_IDENTIFIER = knoxpo.TODODemoUsingMVVCUi;
				PRODUCT_NAME = "$(TARGET_NAME)";
				SWIFT_VERSION = 5.0;
				TARGETED_DEVICE_FAMILY = "1,2";
			};
			name = Release;
		};
/* End XCBuildConfiguration section */

/* Begin XCConfigurationList section */
		605579D22590AFD4007C9892 /* Build configuration list for PBXProject "TODODemoUsingMVVCUi" */ = {
			isa = XCConfigurationList;
			buildConfigurations = (
				605579E92590AFD6007C9892 /* Debug */,
				605579EA2590AFD6007C9892 /* Release */,
			);
			defaultConfigurationIsVisible = 0;
			defaultConfigurationName = Release;
		};
		605579EB2590AFD6007C9892 /* Build configuration list for PBXNativeTarget "TODODemoUsingMVVCUi" */ = {
			isa = XCConfigurationList;
			buildConfigurations = (
				605579EC2590AFD6007C9892 /* Debug */,
				605579ED2590AFD6007C9892 /* Release */,
			);
			defaultConfigurationIsVisible = 0;
			defaultConfigurationName = Release;
		};
/* End XCConfigurationList section */
	};
	rootObject = 605579CF2590AFD4007C9892 /* Project object */;
}
